
Microsoft Visual Studio Solution File, Format Version 12.00
# Visual Studio Version 17
VisualStudioVersion = 17.8.34511.84
MinimumVisualStudioVersion = 10.0.40219.1
Project("{FAE04EC0-301F-11D3-BF4B-00C04F79EFBC}") = "UDM", "UDM\UDM.csproj", "{7314175D-52AD-446F-A59B-BA231AF2FDBB}"
EndProject
Global
	GlobalSection(SolutionConfigurationPlatforms) = preSolution
		Debug|Any CPU = Debug|Any CPU
		Release|Any CPU = Release|Any CPU
	EndGlobalSection
	GlobalSection(ProjectConfigurationPlatforms) = postSolution
		{7314175D-52AD-446F-A59B-BA231AF2FDBB}.Debug|Any CPU.ActiveCfg = Debug|Any CPU
		{7314175D-52AD-446F-A59B-BA231AF2FDBB}.Debug|Any CPU.Build.0 = Debug|Any CPU
		{7314175D-52AD-446F-A59B-BA231AF2FDBB}.Release|Any CPU.ActiveCfg = Release|Any CPU
		{7314175D-52AD-446F-A59B-BA231AF2FDBB}.Release|Any CPU.Build.0 = Release|Any CPU
	EndGlobalSection
	GlobalSection(SolutionProperties) = preSolution
		HideSolutionNode = FALSE
	EndGlobalSection
	GlobalSection(ExtensibilityGlobals) = postSolution
		SolutionGuid = {80B6ADE5-E20C-41E9-9C9B-9BF81ACCFDDA}
	EndGlobalSection
EndGlobal
